// !$*UTF8*$!
{
	archiveVersion = 1;
	classes = {
	};
	objectVersion = 46;
	objects = {

/* Begin PBXBuildFile section */
		7A5ED0F3151E400600F2F372 /* UIKit.framework in Frameworks */ = {isa = PBXBuildFile; fileRef = 7A5ED0F2151E400600F2F372 /* UIKit.framework */; };
		7A5ED0F5151E400600F2F372 /* Foundation.framework in Frameworks */ = {isa = PBXBuildFile; fileRef = 7A5ED0F4151E400600F2F372 /* Foundation.framework */; };
		7A5ED0F7151E400600F2F372 /* CoreGraphics.framework in Frameworks */ = {isa = PBXBuildFile; fileRef = 7A5ED0F6151E400600F2F372 /* CoreGraphics.framework */; };
		7A5ED0FD151E400600F2F372 /* InfoPlist.strings in Resources */ = {isa = PBXBuildFile; fileRef = 7A5ED0FB151E400600F2F372 /* InfoPlist.strings */; };
		7A5ED0FF151E400600F2F372 /* main.m in Sources */ = {isa = PBXBuildFile; fileRef = 7A5ED0FE151E400600F2F372 /* main.m */; };
		7A5ED103151E400600F2F372 /* March22AppDelegate.m in Sources */ = {isa = PBXBuildFile; fileRef = 7A5ED102151E400600F2F372 /* March22AppDelegate.m */; };
/* End PBXBuildFile section */

/* Begin PBXFileReference section */
		7A5ED0EE151E400600F2F372 /* March22.app */ = {isa = PBXFileReference; explicitFileType = wrapper.application; includeInIndex = 0; path = March22.app; sourceTree = BUILT_PRODUCTS_DIR; };
		7A5ED0F2151E400600F2F372 /* UIKit.framework */ = {isa = PBXFileReference; lastKnownFileType = wrapper.framework; name = UIKit.framework; path = System/Library/Frameworks/UIKit.framework; sourceTree = SDKROOT; };
		7A5ED0F4151E400600F2F372 /* Foundation.framework */ = {isa = PBXFileReference; lastKnownFileType = wrapper.framework; name = Foundation.framework; path = System/Library/Frameworks/Foundation.framework; sourceTree = SDKROOT; };
		7A5ED0F6151E400600F2F372 /* CoreGraphics.framework */ = {isa = PBXFileReference; lastKnownFileType = wrapper.framework; name = CoreGraphics.framework; path = System/Library/Frameworks/CoreGraphics.framework; sourceTree = SDKROOT; };
		7A5ED0FA151E400600F2F372 /* March22-Info.plist */ = {isa = PBXFileReference; lastKnownFileType = text.plist.xml; path = "March22-Info.plist"; sourceTree = "<group>"; };
		7A5ED0FC151E400600F2F372 /* en */ = {isa = PBXFileReference; lastKnownFileType = text.plist.strings; name = en; path = en.lproj/InfoPlist.strings; sourceTree = "<group>"; };
		7A5ED0FE151E400600F2F372 /* main.m */ = {isa = PBXFileReference; lastKnownFileType = sourcecode.c.objc; path = main.m; sourceTree = "<group>"; };
		7A5ED100151E400600F2F372 /* March22-Prefix.pch */ = {isa = PBXFileReference; lastKnownFileType = sourcecode.c.h; path = "March22-Prefix.pch"; sourceTree = "<group>"; };
		7A5ED101151E400600F2F372 /* March22AppDelegate.h */ = {isa = PBXFileReference; lastKnownFileType = sourcecode.c.h; path = March22AppDelegate.h; sourceTree = "<group>"; };
		7A5ED102151E400600F2F372 /* March22AppDelegate.m */ = {isa = PBXFileReference; lastKnownFileType = sourcecode.c.objc; path = March22AppDelegate.m; sourceTree = "<group>"; };
/* End PBXFileReference section */

/* Begin PBXFrameworksBuildPhase section */
		7A5ED0EB151E400600F2F372 /* Frameworks */ = {
			isa = PBXFrameworksBuildPhase;
			buildActionMask = 2147483647;
			files = (
				7A5ED0F3151E400600F2F372 /* UIKit.framework in Frameworks */,
				7A5ED0F5151E400600F2F372 /* Foundation.framework in Frameworks */,
				7A5ED0F7151E400600F2F372 /* CoreGraphics.framework in Frameworks */,
			);
			runOnlyForDeploymentPostprocessing = 0;
		};
/* End PBXFrameworksBuildPhase section */

/* Begin PBXGroup section */
		7A5ED0E3151E400600F2F372 = {
			isa = PBXGroup;
			children = (
				7A5ED0F8151E400600F2F372 /* March22 */,
				7A5ED0F1151E400600F2F372 /* Frameworks */,
				7A5ED0EF151E400600F2F372 /* Products */,
			);
			sourceTree = "<group>";
		};
		7A5ED0EF151E400600F2F372 /* Products */ = {
			isa = PBXGroup;
			children = (
				7A5ED0EE151E400600F2F372 /* March22.app */,
			);
			name = Products;
			sourceTree = "<group>";
		};
		7A5ED0F1151E400600F2F372 /* Frameworks */ = {
			isa = PBXGroup;
			children = (
				7A5ED0F2151E400600F2F372 /* UIKit.framework */,
				7A5ED0F4151E400600F2F372 /* Foundation.framework */,
				7A5ED0F6151E400600F2F372 /* CoreGraphics.framework */,
			);
			name = Frameworks;
			sourceTree = "<group>";
		};
		7A5ED0F8151E400600F2F372 /* March22 */ = {
			isa = PBXGroup;
			children = (
				7A5ED101151E400600F2F372 /* March22AppDelegate.h */,
				7A5ED102151E400600F2F372 /* March22AppDelegate.m */,
				7A5ED0F9151E400600F2F372 /* Supporting Files */,
			);
			path = March22;
			sourceTree = "<group>";
		};
		7A5ED0F9151E400600F2F372 /* Supporting Files */ = {
			isa = PBXGroup;
			children = (
				7A5ED0FA151E400600F2F372 /* March22-Info.plist */,
				7A5ED0FB151E400600F2F372 /* InfoPlist.strings */,
				7A5ED0FE151E400600F2F372 /* main.m */,
				7A5ED100151E400600F2F372 /* March22-Prefix.pch */,
			);
			name = "Supporting Files";
			sourceTree = "<group>";
		};
/* End PBXGroup section */

/* Begin PBXNativeTarget section */
		7A5ED0ED151E400600F2F372 /* March22 */ = {
			isa = PBXNativeTarget;
			buildConfigurationList = 7A5ED106151E400600F2F372 /* Build configuration list for PBXNativeTarget "March22" */;
			buildPhases = (
				7A5ED0EA151E400600F2F372 /* Sources */,
				7A5ED0EB151E400600F2F372 /* Frameworks */,
				7A5ED0EC151E400600F2F372 /* Resources */,
			);
			buildRules = (
			);
			dependencies = (
			);
			name = March22;
			productName = March22;
			productReference = 7A5ED0EE151E400600F2F372 /* March22.app */;
			productType = "com.apple.product-type.application";
		};
/* End PBXNativeTarget section */

/* Begin PBXProject section */
		7A5ED0E5151E400600F2F372 /* Project object */ = {
			isa = PBXProject;
			attributes = {
				CLASSPREFIX = March22;
				LastUpgradeCheck = 0430;
			};
			buildConfigurationList = 7A5ED0E8151E400600F2F372 /* Build configuration list for PBXProject "March22" */;
			compatibilityVersion = "Xcode 3.2";
			developmentRegion = English;
			hasScannedForEncodings = 0;
			knownRegions = (
				en,
			);
			mainGroup = 7A5ED0E3151E400600F2F372;
			productRefGroup = 7A5ED0EF151E400600F2F372 /* Products */;
			projectDirPath = "";
			projectRoot = "";
			targets = (
				7A5ED0ED151E400600F2F372 /* March22 */,
			);
		};
/* End PBXProject section */

/* Begin PBXResourcesBuildPhase section */
		7A5ED0EC151E400600F2F372 /* Resources */ = {
			isa = PBXResourcesBuildPhase;
			buildActionMask = 2147483647;
			files = (
				7A5ED0FD151E400600F2F372 /* InfoPlist.strings in Resources */,
			);
			runOnlyForDeploymentPostprocessing = 0;
		};
/* End PBXResourcesBuildPhase section */

/* Begin PBXSourcesBuildPhase section */
		7A5ED0EA151E400600F2F372 /* Sources */ = {
			isa = PBXSourcesBuildPhase;
			buildActionMask = 2147483647;
			files = (
				7A5ED0FF151E400600F2F372 /* main.m in Sources */,
				7A5ED103151E400600F2F372 /* March22AppDelegate.m in Sources */,
			);
			runOnlyForDeploymentPostprocessing = 0;
		};
/* End PBXSourcesBuildPhase section */

/* Begin PBXVariantGroup section */
		7A5ED0FB151E400600F2F372 /* InfoPlist.strings */ = {
			isa = PBXVariantGroup;
			children = (
				7A5ED0FC151E400600F2F372 /* en */,
			);
			name = InfoPlist.strings;
			sourceTree = "<group>";
		};
/* End PBXVariantGroup section */

/* Begin XCBuildConfiguration section */
		7A5ED104151E400600F2F372 /* Debug */ = {
			isa = XCBuildConfiguration;
			buildSettings = {
				ALWAYS_SEARCH_USER_PATHS = NO;
				ARCHS = "$(ARCHS_STANDARD_32_BIT)";
				CLANG_ENABLE_OBJC_ARC = YES;
				"CODE_SIGN_IDENTITY[sdk=iphoneos*]" = "iPhone Developer";
				COPY_PHASE_STRIP = NO;
				GCC_C_LANGUAGE_STANDARD = gnu99;
				GCC_DYNAMIC_NO_PIC = NO;
				GCC_OPTIMIZATION_LEVEL = 0;
				GCC_PREPROCESSOR_DEFINITIONS = (
					"DEBUG=1",
					"$(inherited)",
				);
				GCC_SYMBOLS_PRIVATE_EXTERN = NO;
				GCC_VERSION = com.apple.compilers.llvm.clang.1_0;
				GCC_WARN_ABOUT_RETURN_TYPE = YES;
				GCC_WARN_UNINITIALIZED_AUTOS = YES;
				GCC_WARN_UNUSED_VARIABLE = YES;
				IPHONEOS_DEPLOYMENT_TARGET = 5.1;
				SDKROOT = iphoneos;
			};
			name = Debug;
		};
		7A5ED105151E400600F2F372 /* Release */ = {
			isa = XCBuildConfiguration;
			buildSettings = {
				ALWAYS_SEARCH_USER_PATHS = NO;
				ARCHS = "$(ARCHS_STANDARD_32_BIT)";
				CLANG_ENABLE_OBJC_ARC = YES;
				"CODE_SIGN_IDENTITY[sdk=iphoneos*]" = "iPhone Developer";
				COPY_PHASE_STRIP = YES;
				GCC_C_LANGUAGE_STANDARD = gnu99;
				GCC_VERSION = com.apple.compilers.llvm.clang.1_0;
				GCC_WARN_ABOUT_RETURN_TYPE = YES;
				GCC_WARN_UNINITIALIZED_AUTOS = YES;
				GCC_WARN_UNUSED_VARIABLE = YES;
				IPHONEOS_DEPLOYMENT_TARGET = 5.1;
				OTHER_CFLAGS = "-DNS_BLOCK_ASSERTIONS=1";
				SDKROOT = iphoneos;
				VALIDATE_PRODUCT = YES;
			};
			name = Release;
		};
		7A5ED107151E400600F2F372 /* Debug */ = {
			isa = XCBuildConfiguration;
			buildSettings = {
				GCC_PRECOMPILE_PREFIX_HEADER = YES;
				GCC_PREFIX_HEADER = "March22/March22-Prefix.pch";
				INFOPLIST_FILE = "March22/March22-Info.plist";
				PRODUCT_NAME = "$(TARGET_NAME)";
				WRAPPER_EXTENSION = app;
			};
			name = Debug;
		};
		7A5ED108151E400600F2F372 /* Release */ = {
			isa = XCBuildConfiguration;
			buildSettings = {
				GCC_PRECOMPILE_PREFIX_HEADER = YES;
				GCC_PREFIX_HEADER = "March22/March22-Prefix.pch";
				INFOPLIST_FILE = "March22/March22-Info.plist";
				PRODUCT_NAME = "$(TARGET_NAME)";
				WRAPPER_EXTENSION = app;
			};
			name = Release;
		};
/* End XCBuildConfiguration section */

/* Begin XCConfigurationList section */
		7A5ED0E8151E400600F2F372 /* Build configuration list for PBXProject "March22" */ = {
			isa = XCConfigurationList;
			buildConfigurations = (
				7A5ED104151E400600F2F372 /* Debug */,
				7A5ED105151E400600F2F372 /* Release */,
			);
			defaultConfigurationIsVisible = 0;
			defaultConfigurationName = Release;
		};
		7A5ED106151E400600F2F372 /* Build configuration list for PBXNativeTarget "March22" */ = {
			isa = XCConfigurationList;
			buildConfigurations = (
				7A5ED107151E400600F2F372 /* Debug */,
				7A5ED108151E400600F2F372 /* Release */,
			);
			defaultConfigurationIsVisible = 0;
		};
/* End XCConfigurationList section */
	};
	rootObject = 7A5ED0E5151E400600F2F372 /* Project object */;
}
